
Microsoft Visual Studio Solution File, Format Version 12.00
# Visual Studio Version 17
VisualStudioVersion = 17.10.35013.160
MinimumVisualStudioVersion = 10.0.40219.1
Project("{FAE04EC0-301F-11D3-BF4B-00C04F79EFBC}") = "CodingTask.Mvc", "CodingTask.Mvc\CodingTask.Mvc.csproj", "{9022C8C2-7426-461D-8550-CC9AD1E5A524}"
EndProject
Global
	GlobalSection(SolutionConfigurationPlatforms) = preSolution
		Debug|Any CPU = Debug|Any CPU
		Release|Any CPU = Release|Any CPU
	EndGlobalSection
	GlobalSection(ProjectConfigurationPlatforms) = postSolution
		{9022C8C2-7426-461D-8550-CC9AD1E5A524}.Debug|Any CPU.ActiveCfg = Debug|Any CPU
		{9022C8C2-7426-461D-8550-CC9AD1E5A524}.Debug|Any CPU.Build.0 = Debug|Any CPU
		{9022C8C2-7426-461D-8550-CC9AD1E5A524}.Release|Any CPU.ActiveCfg = Release|Any CPU
		{9022C8C2-7426-461D-8550-CC9AD1E5A524}.Release|Any CPU.Build.0 = Release|Any CPU
	EndGlobalSection
	GlobalSection(SolutionProperties) = preSolution
		HideSolutionNode = FALSE
	EndGlobalSection
	GlobalSection(ExtensibilityGlobals) = postSolution
		SolutionGuid = {3ECDDBC8-25C7-4FFD-89F4-C667CFEAD5CF}
	EndGlobalSection
EndGlobal
